
Microsoft Visual Studio Solution File, Format Version 12.00
# Visual Studio 15
VisualStudioVersion = 15.0.26430.6
MinimumVisualStudioVersion = 10.0.40219.1
Project("{FAE04EC0-301F-11D3-BF4B-00C04F79EFBC}") = "Plugin.NativeControls", "Plugin.NativeControls\Plugin.NativeControls.csproj", "{005DCAB6-6D93-49EB-ACD1-6B81FD075B5B}"
EndProject
Project("{2150E333-8FDC-42A3-9474-1A3956D46DE8}") = "Library", "Library", "{4F2A18EE-10EC-4DD8-9762-685A419C6C6F}"
EndProject
Project("{FAE04EC0-301F-11D3-BF4B-00C04F79EFBC}") = "Plugin.NativeControls.Droid", "Plugin.NativeControls.Droid\Plugin.NativeControls.Droid.csproj", "{20355DB6-286C-4FCE-BB2E-ADE281596420}"
EndProject
Project("{FAE04EC0-301F-11D3-BF4B-00C04F79EFBC}") = "Plugin.NativeControls.iOS", "Plugin.NativeControls.iOS\Plugin.NativeControls.iOS.csproj", "{43D72E8A-C6B0-49CA-A3CB-BE274A242ECB}"
EndProject
Project("{2150E333-8FDC-42A3-9474-1A3956D46DE8}") = "Samples", "Samples", "{6FA58944-03B7-443A-B7E7-8A59B3DD207A}"
EndProject
Project("{FAE04EC0-301F-11D3-BF4B-00C04F79EFBC}") = "Samples.NativeControls.Android", "Samples.NativeControls\Samples.NativeControls.Android\Samples.NativeControls.Android.csproj", "{E8AF0FD7-E4E7-4B7B-91B7-7D2D2434CA79}"
EndProject
Project("{FAE04EC0-301F-11D3-BF4B-00C04F79EFBC}") = "Samples.NativeControls", "Samples.NativeControls\Samples.NativeControls\Samples.NativeControls.csproj", "{06111D5B-F571-42EF-82D7-C3B284783EDD}"
EndProject
Project("{FAE04EC0-301F-11D3-BF4B-00C04F79EFBC}") = "Samples.NativeControls.UWP", "Samples.NativeControls\Samples.NativeControls.UWP\Samples.NativeControls.UWP.csproj", "{FE18BA04-C77D-46CF-ADCF-F9EC3130AAFA}"
EndProject
Project("{FAE04EC0-301F-11D3-BF4B-00C04F79EFBC}") = "Samples.NativeControls.iOS", "Samples.NativeControls\Samples.NativeControls.iOS\Samples.NativeControls.iOS.csproj", "{964BECA2-C05E-4452-A428-CE23F33B5A7F}"
EndProject
Global
	GlobalSection(SolutionConfigurationPlatforms) = preSolution
		Ad-Hoc|Any CPU = Ad-Hoc|Any CPU
		Ad-Hoc|ARM = Ad-Hoc|ARM
		Ad-Hoc|iPhone = Ad-Hoc|iPhone
		Ad-Hoc|iPhoneSimulator = Ad-Hoc|iPhoneSimulator
		Ad-Hoc|x64 = Ad-Hoc|x64
		Ad-Hoc|x86 = Ad-Hoc|x86
		AppStore|Any CPU = AppStore|Any CPU
		AppStore|ARM = AppStore|ARM
		AppStore|iPhone = AppStore|iPhone
		AppStore|iPhoneSimulator = AppStore|iPhoneSimulator
		AppStore|x64 = AppStore|x64
		AppStore|x86 = AppStore|x86
		Debug|Any CPU = Debug|Any CPU
		Debug|ARM = Debug|ARM
		Debug|iPhone = Debug|iPhone
		Debug|iPhoneSimulator = Debug|iPhoneSimulator
		Debug|x64 = Debug|x64
		Debug|x86 = Debug|x86
		Release|Any CPU = Release|Any CPU
		Release|ARM = Release|ARM
		Release|iPhone = Release|iPhone
		Release|iPhoneSimulator = Release|iPhoneSimulator
		Release|x64 = Release|x64
		Release|x86 = Release|x86
	EndGlobalSection
	GlobalSection(ProjectConfigurationPlatforms) = postSolution
		{005DCAB6-6D93-49EB-ACD1-6B81FD075B5B}.Ad-Hoc|Any CPU.ActiveCfg = Release|Any CPU
		{005DCAB6-6D93-49EB-ACD1-6B81FD075B5B}.Ad-Hoc|Any CPU.Build.0 = Release|Any CPU
		{005DCAB6-6D93-49EB-ACD1-6B81FD075B5B}.Ad-Hoc|ARM.ActiveCfg = Release|Any CPU
		{005DCAB6-6D93-49EB-ACD1-6B81FD075B5B}.Ad-Hoc|ARM.Build.0 = Release|Any CPU
		{005DCAB6-6D93-49EB-ACD1-6B81FD075B5B}.Ad-Hoc|iPhone.ActiveCfg = Release|Any CPU
		{005DCAB6-6D93-49EB-ACD1-6B81FD075B5B}.Ad-Hoc|iPhone.Build.0 = Release|Any CPU
		{005DCAB6-6D93-49EB-ACD1-6B81FD075B5B}.Ad-Hoc|iPhoneSimulator.ActiveCfg = Release|Any CPU
		{005DCAB6-6D93-49EB-ACD1-6B81FD075B5B}.Ad-Hoc|iPhoneSimulator.Build.0 = Release|Any CPU
		{005DCAB6-6D93-49EB-ACD1-6B81FD075B5B}.Ad-Hoc|x64.ActiveCfg = Release|Any CPU
		{005DCAB6-6D93-49EB-ACD1-6B81FD075B5B}.Ad-Hoc|x64.Build.0 = Release|Any CPU
		{005DCAB6-6D93-49EB-ACD1-6B81FD075B5B}.Ad-Hoc|x86.ActiveCfg = Release|Any CPU
		{005DCAB6-6D93-49EB-ACD1-6B81FD075B5B}.Ad-Hoc|x86.Build.0 = Release|Any CPU
		{005DCAB6-6D93-49EB-ACD1-6B81FD075B5B}.AppStore|Any CPU.ActiveCfg = Release|Any CPU
		{005DCAB6-6D93-49EB-ACD1-6B81FD075B5B}.AppStore|Any CPU.Build.0 = Release|Any CPU
		{005DCAB6-6D93-49EB-ACD1-6B81FD075B5B}.AppStore|ARM.ActiveCfg = Release|Any CPU
		{005DCAB6-6D93-49EB-ACD1-6B81FD075B5B}.AppStore|ARM.Build.0 = Release|Any CPU
		{005DCAB6-6D93-49EB-ACD1-6B81FD075B5B}.AppStore|iPhone.ActiveCfg = Release|Any CPU
		{005DCAB6-6D93-49EB-ACD1-6B81FD075B5B}.AppStore|iPhone.Build.0 = Release|Any CPU
		{005DCAB6-6D93-49EB-ACD1-6B81FD075B5B}.AppStore|iPhoneSimulator.ActiveCfg = Release|Any CPU
		{005DCAB6-6D93-49EB-ACD1-6B81FD075B5B}.AppStore|iPhoneSimulator.Build.0 = Release|Any CPU
		{005DCAB6-6D93-49EB-ACD1-6B81FD075B5B}.AppStore|x64.ActiveCfg = Release|Any CPU
		{005DCAB6-6D93-49EB-ACD1-6B81FD075B5B}.AppStore|x64.Build.0 = Release|Any CPU
		{005DCAB6-6D93-49EB-ACD1-6B81FD075B5B}.AppStore|x86.ActiveCfg = Release|Any CPU
		{005DCAB6-6D93-49EB-ACD1-6B81FD075B5B}.AppStore|x86.Build.0 = Release|Any CPU
		{005DCAB6-6D93-49EB-ACD1-6B81FD075B5B}.Debug|Any CPU.ActiveCfg = Debug|Any CPU
		{005DCAB6-6D93-49EB-ACD1-6B81FD075B5B}.Debug|Any CPU.Build.0 = Debug|Any CPU
		{005DCAB6-6D93-49EB-ACD1-6B81FD075B5B}.Debug|ARM.ActiveCfg = Debug|Any CPU
		{005DCAB6-6D93-49EB-ACD1-6B81FD075B5B}.Debug|ARM.Build.0 = Debug|Any CPU
		{005DCAB6-6D93-49EB-ACD1-6B81FD075B5B}.Debug|iPhone.ActiveCfg = Debug|Any CPU
		{005DCAB6-6D93-49EB-ACD1-6B81FD075B5B}.Debug|iPhone.Build.0 = Debug|Any CPU
		{005DCAB6-6D93-49EB-ACD1-6B81FD075B5B}.Debug|iPhoneSimulator.ActiveCfg = Debug|Any CPU
		{005DCAB6-6D93-49EB-ACD1-6B81FD075B5B}.Debug|iPhoneSimulator.Build.0 = Debug|Any CPU
		{005DCAB6-6D93-49EB-ACD1-6B81FD075B5B}.Debug|x64.ActiveCfg = Debug|Any CPU
		{005DCAB6-6D93-49EB-ACD1-6B81FD075B5B}.Debug|x64.Build.0 = Debug|Any CPU
		{005DCAB6-6D93-49EB-ACD1-6B81FD075B5B}.Debug|x86.ActiveCfg = Debug|Any CPU
		{005DCAB6-6D93-49EB-ACD1-6B81FD075B5B}.Debug|x86.Build.0 = Debug|Any CPU
		{005DCAB6-6D93-49EB-ACD1-6B81FD075B5B}.Release|Any CPU.ActiveCfg = Release|Any CPU
		{005DCAB6-6D93-49EB-ACD1-6B81FD075B5B}.Release|Any CPU.Build.0 = Release|Any CPU
		{005DCAB6-6D93-49EB-ACD1-6B81FD075B5B}.Release|ARM.ActiveCfg = Release|Any CPU
		{005DCAB6-6D93-49EB-ACD1-6B81FD075B5B}.Release|ARM.Build.0 = Release|Any CPU
		{005DCAB6-6D93-49EB-ACD1-6B81FD075B5B}.Release|iPhone.ActiveCfg = Release|Any CPU
		{005DCAB6-6D93-49EB-ACD1-6B81FD075B5B}.Release|iPhone.Build.0 = Release|Any CPU
		{005DCAB6-6D93-49EB-ACD1-6B81FD075B5B}.Release|iPhoneSimulator.ActiveCfg = Release|Any CPU
		{005DCAB6-6D93-49EB-ACD1-6B81FD075B5B}.Release|iPhoneSimulator.Build.0 = Release|Any CPU
		{005DCAB6-6D93-49EB-ACD1-6B81FD075B5B}.Release|x64.ActiveCfg = Release|Any CPU
		{005DCAB6-6D93-49EB-ACD1-6B81FD075B5B}.Release|x64.Build.0 = Release|Any CPU
		{005DCAB6-6D93-49EB-ACD1-6B81FD075B5B}.Release|x86.ActiveCfg = Release|Any CPU
		{005DCAB6-6D93-49EB-ACD1-6B81FD075B5B}.Release|x86.Build.0 = Release|Any CPU
		{20355DB6-286C-4FCE-BB2E-ADE281596420}.Ad-Hoc|Any CPU.ActiveCfg = Release|Any CPU
		{20355DB6-286C-4FCE-BB2E-ADE281596420}.Ad-Hoc|Any CPU.Build.0 = Release|Any CPU
		{20355DB6-286C-4FCE-BB2E-ADE281596420}.Ad-Hoc|ARM.ActiveCfg = Release|Any CPU
		{20355DB6-286C-4FCE-BB2E-ADE281596420}.Ad-Hoc|ARM.Build.0 = Release|Any CPU
		{20355DB6-286C-4FCE-BB2E-ADE281596420}.Ad-Hoc|iPhone.ActiveCfg = Release|Any CPU
		{20355DB6-286C-4FCE-BB2E-ADE281596420}.Ad-Hoc|iPhone.Build.0 = Release|Any CPU
		{20355DB6-286C-4FCE-BB2E-ADE281596420}.Ad-Hoc|iPhoneSimulator.ActiveCfg = Release|Any CPU
		{20355DB6-286C-4FCE-BB2E-ADE281596420}.Ad-Hoc|iPhoneSimulator.Build.0 = Release|Any CPU
		{20355DB6-286C-4FCE-BB2E-ADE281596420}.Ad-Hoc|x64.ActiveCfg = Release|Any CPU
		{20355DB6-286C-4FCE-BB2E-ADE281596420}.Ad-Hoc|x64.Build.0 = Release|Any CPU
		{20355DB6-286C-4FCE-BB2E-ADE281596420}.Ad-Hoc|x86.ActiveCfg = Release|Any CPU
		{20355DB6-286C-4FCE-BB2E-ADE281596420}.Ad-Hoc|x86.Build.0 = Release|Any CPU
		{20355DB6-286C-4FCE-BB2E-ADE281596420}.AppStore|Any CPU.ActiveCfg = Release|Any CPU
		{20355DB6-286C-4FCE-BB2E-ADE281596420}.AppStore|Any CPU.Build.0 = Release|Any CPU
		{20355DB6-286C-4FCE-BB2E-ADE281596420}.AppStore|ARM.ActiveCfg = Release|Any CPU
		{20355DB6-286C-4FCE-BB2E-ADE281596420}.AppStore|ARM.Build.0 = Release|Any CPU
		{20355DB6-286C-4FCE-BB2E-ADE281596420}.AppStore|iPhone.ActiveCfg = Release|Any CPU
		{20355DB6-286C-4FCE-BB2E-ADE281596420}.AppStore|iPhone.Build.0 = Release|Any CPU
		{20355DB6-286C-4FCE-BB2E-ADE281596420}.AppStore|iPhoneSimulator.ActiveCfg = Release|Any CPU
		{20355DB6-286C-4FCE-BB2E-ADE281596420}.AppStore|iPhoneSimulator.Build.0 = Release|Any CPU
		{20355DB6-286C-4FCE-BB2E-ADE281596420}.AppStore|x64.ActiveCfg = Release|Any CPU
		{20355DB6-286C-4FCE-BB2E-ADE281596420}.AppStore|x64.Build.0 = Release|Any CPU
		{20355DB6-286C-4FCE-BB2E-ADE281596420}.AppStore|x86.ActiveCfg = Release|Any CPU
		{20355DB6-286C-4FCE-BB2E-ADE281596420}.AppStore|x86.Build.0 = Release|Any CPU
		{20355DB6-286C-4FCE-BB2E-ADE281596420}.Debug|Any CPU.ActiveCfg = Debug|Any CPU
		{20355DB6-286C-4FCE-BB2E-ADE281596420}.Debug|Any CPU.Build.0 = Debug|Any CPU
		{20355DB6-286C-4FCE-BB2E-ADE281596420}.Debug|ARM.ActiveCfg = Debug|Any CPU
		{20355DB6-286C-4FCE-BB2E-ADE281596420}.Debug|ARM.Build.0 = Debug|Any CPU
		{20355DB6-286C-4FCE-BB2E-ADE281596420}.Debug|iPhone.ActiveCfg = Debug|Any CPU
		{20355DB6-286C-4FCE-BB2E-ADE281596420}.Debug|iPhone.Build.0 = Debug|Any CPU
		{20355DB6-286C-4FCE-BB2E-ADE281596420}.Debug|iPhoneSimulator.ActiveCfg = Debug|Any CPU
		{20355DB6-286C-4FCE-BB2E-ADE281596420}.Debug|iPhoneSimulator.Build.0 = Debug|Any CPU
		{20355DB6-286C-4FCE-BB2E-ADE281596420}.Debug|x64.ActiveCfg = Debug|Any CPU
		{20355DB6-286C-4FCE-BB2E-ADE281596420}.Debug|x64.Build.0 = Debug|Any CPU
		{20355DB6-286C-4FCE-BB2E-ADE281596420}.Debug|x86.ActiveCfg = Debug|Any CPU
		{20355DB6-286C-4FCE-BB2E-ADE281596420}.Debug|x86.Build.0 = Debug|Any CPU
		{20355DB6-286C-4FCE-BB2E-ADE281596420}.Release|Any CPU.ActiveCfg = Release|Any CPU
		{20355DB6-286C-4FCE-BB2E-ADE281596420}.Release|Any CPU.Build.0 = Release|Any CPU
		{20355DB6-286C-4FCE-BB2E-ADE281596420}.Release|ARM.ActiveCfg = Release|Any CPU
		{20355DB6-286C-4FCE-BB2E-ADE281596420}.Release|ARM.Build.0 = Release|Any CPU
		{20355DB6-286C-4FCE-BB2E-ADE281596420}.Release|iPhone.ActiveCfg = Release|Any CPU
		{20355DB6-286C-4FCE-BB2E-ADE281596420}.Release|iPhone.Build.0 = Release|Any CPU
		{20355DB6-286C-4FCE-BB2E-ADE281596420}.Release|iPhoneSimulator.ActiveCfg = Release|Any CPU
		{20355DB6-286C-4FCE-BB2E-ADE281596420}.Release|iPhoneSimulator.Build.0 = Release|Any CPU
		{20355DB6-286C-4FCE-BB2E-ADE281596420}.Release|x64.ActiveCfg = Release|Any CPU
		{20355DB6-286C-4FCE-BB2E-ADE281596420}.Release|x64.Build.0 = Release|Any CPU
		{20355DB6-286C-4FCE-BB2E-ADE281596420}.Release|x86.ActiveCfg = Release|Any CPU
		{20355DB6-286C-4FCE-BB2E-ADE281596420}.Release|x86.Build.0 = Release|Any CPU
		{43D72E8A-C6B0-49CA-A3CB-BE274A242ECB}.Ad-Hoc|Any CPU.ActiveCfg = Release|Any CPU
		{43D72E8A-C6B0-49CA-A3CB-BE274A242ECB}.Ad-Hoc|Any CPU.Build.0 = Release|Any CPU
		{43D72E8A-C6B0-49CA-A3CB-BE274A242ECB}.Ad-Hoc|ARM.ActiveCfg = Release|Any CPU
		{43D72E8A-C6B0-49CA-A3CB-BE274A242ECB}.Ad-Hoc|ARM.Build.0 = Release|Any CPU
		{43D72E8A-C6B0-49CA-A3CB-BE274A242ECB}.Ad-Hoc|iPhone.ActiveCfg = Release|Any CPU
		{43D72E8A-C6B0-49CA-A3CB-BE274A242ECB}.Ad-Hoc|iPhone.Build.0 = Release|Any CPU
		{43D72E8A-C6B0-49CA-A3CB-BE274A242ECB}.Ad-Hoc|iPhoneSimulator.ActiveCfg = Release|Any CPU
		{43D72E8A-C6B0-49CA-A3CB-BE274A242ECB}.Ad-Hoc|iPhoneSimulator.Build.0 = Release|Any CPU
		{43D72E8A-C6B0-49CA-A3CB-BE274A242ECB}.Ad-Hoc|x64.ActiveCfg = Release|Any CPU
		{43D72E8A-C6B0-49CA-A3CB-BE274A242ECB}.Ad-Hoc|x64.Build.0 = Release|Any CPU
		{43D72E8A-C6B0-49CA-A3CB-BE274A242ECB}.Ad-Hoc|x86.ActiveCfg = Release|Any CPU
		{43D72E8A-C6B0-49CA-A3CB-BE274A242ECB}.Ad-Hoc|x86.Build.0 = Release|Any CPU
		{43D72E8A-C6B0-49CA-A3CB-BE274A242ECB}.AppStore|Any CPU.ActiveCfg = Release|Any CPU
		{43D72E8A-C6B0-49CA-A3CB-BE274A242ECB}.AppStore|Any CPU.Build.0 = Release|Any CPU
		{43D72E8A-C6B0-49CA-A3CB-BE274A242ECB}.AppStore|ARM.ActiveCfg = Release|Any CPU
		{43D72E8A-C6B0-49CA-A3CB-BE274A242ECB}.AppStore|ARM.Build.0 = Release|Any CPU
		{43D72E8A-C6B0-49CA-A3CB-BE274A242ECB}.AppStore|iPhone.ActiveCfg = Release|Any CPU
		{43D72E8A-C6B0-49CA-A3CB-BE274A242ECB}.AppStore|iPhone.Build.0 = Release|Any CPU
		{43D72E8A-C6B0-49CA-A3CB-BE274A242ECB}.AppStore|iPhoneSimulator.ActiveCfg = Release|Any CPU
		{43D72E8A-C6B0-49CA-A3CB-BE274A242ECB}.AppStore|iPhoneSimulator.Build.0 = Release|Any CPU
		{43D72E8A-C6B0-49CA-A3CB-BE274A242ECB}.AppStore|x64.ActiveCfg = Release|Any CPU
		{43D72E8A-C6B0-49CA-A3CB-BE274A242ECB}.AppStore|x64.Build.0 = Release|Any CPU
		{43D72E8A-C6B0-49CA-A3CB-BE274A242ECB}.AppStore|x86.ActiveCfg = Release|Any CPU
		{43D72E8A-C6B0-49CA-A3CB-BE274A242ECB}.AppStore|x86.Build.0 = Release|Any CPU
		{43D72E8A-C6B0-49CA-A3CB-BE274A242ECB}.Debug|Any CPU.ActiveCfg = Debug|Any CPU
		{43D72E8A-C6B0-49CA-A3CB-BE274A242ECB}.Debug|Any CPU.Build.0 = Debug|Any CPU
		{43D72E8A-C6B0-49CA-A3CB-BE274A242ECB}.Debug|ARM.ActiveCfg = Debug|Any CPU
		{43D72E8A-C6B0-49CA-A3CB-BE274A242ECB}.Debug|ARM.Build.0 = Debug|Any CPU
		{43D72E8A-C6B0-49CA-A3CB-BE274A242ECB}.Debug|iPhone.ActiveCfg = Debug|Any CPU
		{43D72E8A-C6B0-49CA-A3CB-BE274A242ECB}.Debug|iPhone.Build.0 = Debug|Any CPU
		{43D72E8A-C6B0-49CA-A3CB-BE274A242ECB}.Debug|iPhoneSimulator.ActiveCfg = Debug|Any CPU
		{43D72E8A-C6B0-49CA-A3CB-BE274A242ECB}.Debug|iPhoneSimulator.Build.0 = Debug|Any CPU
		{43D72E8A-C6B0-49CA-A3CB-BE274A242ECB}.Debug|x64.ActiveCfg = Debug|Any CPU
		{43D72E8A-C6B0-49CA-A3CB-BE274A242ECB}.Debug|x64.Build.0 = Debug|Any CPU
		{43D72E8A-C6B0-49CA-A3CB-BE274A242ECB}.Debug|x86.ActiveCfg = Debug|Any CPU
		{43D72E8A-C6B0-49CA-A3CB-BE274A242ECB}.Debug|x86.Build.0 = Debug|Any CPU
		{43D72E8A-C6B0-49CA-A3CB-BE274A242ECB}.Release|Any CPU.ActiveCfg = Release|Any CPU
		{43D72E8A-C6B0-49CA-A3CB-BE274A242ECB}.Release|Any CPU.Build.0 = Release|Any CPU
		{43D72E8A-C6B0-49CA-A3CB-BE274A242ECB}.Release|ARM.ActiveCfg = Release|Any CPU
		{43D72E8A-C6B0-49CA-A3CB-BE274A242ECB}.Release|ARM.Build.0 = Release|Any CPU
		{43D72E8A-C6B0-49CA-A3CB-BE274A242ECB}.Release|iPhone.ActiveCfg = Release|Any CPU
		{43D72E8A-C6B0-49CA-A3CB-BE274A242ECB}.Release|iPhone.Build.0 = Release|Any CPU
		{43D72E8A-C6B0-49CA-A3CB-BE274A242ECB}.Release|iPhoneSimulator.ActiveCfg = Release|Any CPU
		{43D72E8A-C6B0-49CA-A3CB-BE274A242ECB}.Release|iPhoneSimulator.Build.0 = Release|Any CPU
		{43D72E8A-C6B0-49CA-A3CB-BE274A242ECB}.Release|x64.ActiveCfg = Release|Any CPU
		{43D72E8A-C6B0-49CA-A3CB-BE274A242ECB}.Release|x64.Build.0 = Release|Any CPU
		{43D72E8A-C6B0-49CA-A3CB-BE274A242ECB}.Release|x86.ActiveCfg = Release|Any CPU
		{43D72E8A-C6B0-49CA-A3CB-BE274A242ECB}.Release|x86.Build.0 = Release|Any CPU
		{E8AF0FD7-E4E7-4B7B-91B7-7D2D2434CA79}.Ad-Hoc|Any CPU.ActiveCfg = Release|Any CPU
		{E8AF0FD7-E4E7-4B7B-91B7-7D2D2434CA79}.Ad-Hoc|Any CPU.Build.0 = Release|Any CPU
		{E8AF0FD7-E4E7-4B7B-91B7-7D2D2434CA79}.Ad-Hoc|Any CPU.Deploy.0 = Release|Any CPU
		{E8AF0FD7-E4E7-4B7B-91B7-7D2D2434CA79}.Ad-Hoc|ARM.ActiveCfg = Release|Any CPU
		{E8AF0FD7-E4E7-4B7B-91B7-7D2D2434CA79}.Ad-Hoc|ARM.Build.0 = Release|Any CPU
		{E8AF0FD7-E4E7-4B7B-91B7-7D2D2434CA79}.Ad-Hoc|ARM.Deploy.0 = Release|Any CPU
		{E8AF0FD7-E4E7-4B7B-91B7-7D2D2434CA79}.Ad-Hoc|iPhone.ActiveCfg = Release|Any CPU
		{E8AF0FD7-E4E7-4B7B-91B7-7D2D2434CA79}.Ad-Hoc|iPhone.Build.0 = Release|Any CPU
		{E8AF0FD7-E4E7-4B7B-91B7-7D2D2434CA79}.Ad-Hoc|iPhone.Deploy.0 = Release|Any CPU
		{E8AF0FD7-E4E7-4B7B-91B7-7D2D2434CA79}.Ad-Hoc|iPhoneSimulator.ActiveCfg = Release|Any CPU
		{E8AF0FD7-E4E7-4B7B-91B7-7D2D2434CA79}.Ad-Hoc|iPhoneSimulator.Build.0 = Release|Any CPU
		{E8AF0FD7-E4E7-4B7B-91B7-7D2D2434CA79}.Ad-Hoc|iPhoneSimulator.Deploy.0 = Release|Any CPU
		{E8AF0FD7-E4E7-4B7B-91B7-7D2D2434CA79}.Ad-Hoc|x64.ActiveCfg = Release|Any CPU
		{E8AF0FD7-E4E7-4B7B-91B7-7D2D2434CA79}.Ad-Hoc|x64.Build.0 = Release|Any CPU
		{E8AF0FD7-E4E7-4B7B-91B7-7D2D2434CA79}.Ad-Hoc|x64.Deploy.0 = Release|Any CPU
		{E8AF0FD7-E4E7-4B7B-91B7-7D2D2434CA79}.Ad-Hoc|x86.ActiveCfg = Release|Any CPU
		{E8AF0FD7-E4E7-4B7B-91B7-7D2D2434CA79}.Ad-Hoc|x86.Build.0 = Release|Any CPU
		{E8AF0FD7-E4E7-4B7B-91B7-7D2D2434CA79}.Ad-Hoc|x86.Deploy.0 = Release|Any CPU
		{E8AF0FD7-E4E7-4B7B-91B7-7D2D2434CA79}.AppStore|Any CPU.ActiveCfg = Release|Any CPU
		{E8AF0FD7-E4E7-4B7B-91B7-7D2D2434CA79}.AppStore|Any CPU.Build.0 = Release|Any CPU
		{E8AF0FD7-E4E7-4B7B-91B7-7D2D2434CA79}.AppStore|Any CPU.Deploy.0 = Release|Any CPU
		{E8AF0FD7-E4E7-4B7B-91B7-7D2D2434CA79}.AppStore|ARM.ActiveCfg = Release|Any CPU
		{E8AF0FD7-E4E7-4B7B-91B7-7D2D2434CA79}.AppStore|ARM.Build.0 = Release|Any CPU
		{E8AF0FD7-E4E7-4B7B-91B7-7D2D2434CA79}.AppStore|ARM.Deploy.0 = Release|Any CPU
		{E8AF0FD7-E4E7-4B7B-91B7-7D2D2434CA79}.AppStore|iPhone.ActiveCfg = Release|Any CPU
		{E8AF0FD7-E4E7-4B7B-91B7-7D2D2434CA79}.AppStore|iPhone.Build.0 = Release|Any CPU
		{E8AF0FD7-E4E7-4B7B-91B7-7D2D2434CA79}.AppStore|iPhone.Deploy.0 = Release|Any CPU
		{E8AF0FD7-E4E7-4B7B-91B7-7D2D2434CA79}.AppStore|iPhoneSimulator.ActiveCfg = Release|Any CPU
		{E8AF0FD7-E4E7-4B7B-91B7-7D2D2434CA79}.AppStore|iPhoneSimulator.Build.0 = Release|Any CPU
		{E8AF0FD7-E4E7-4B7B-91B7-7D2D2434CA79}.AppStore|iPhoneSimulator.Deploy.0 = Release|Any CPU
		{E8AF0FD7-E4E7-4B7B-91B7-7D2D2434CA79}.AppStore|x64.ActiveCfg = Release|Any CPU
		{E8AF0FD7-E4E7-4B7B-91B7-7D2D2434CA79}.AppStore|x64.Build.0 = Release|Any CPU
		{E8AF0FD7-E4E7-4B7B-91B7-7D2D2434CA79}.AppStore|x64.Deploy.0 = Release|Any CPU
		{E8AF0FD7-E4E7-4B7B-91B7-7D2D2434CA79}.AppStore|x86.ActiveCfg = Release|Any CPU
		{E8AF0FD7-E4E7-4B7B-91B7-7D2D2434CA79}.AppStore|x86.Build.0 = Release|Any CPU
		{E8AF0FD7-E4E7-4B7B-91B7-7D2D2434CA79}.AppStore|x86.Deploy.0 = Release|Any CPU
		{E8AF0FD7-E4E7-4B7B-91B7-7D2D2434CA79}.Debug|Any CPU.ActiveCfg = Debug|Any CPU
		{E8AF0FD7-E4E7-4B7B-91B7-7D2D2434CA79}.Debug|Any CPU.Build.0 = Debug|Any CPU
		{E8AF0FD7-E4E7-4B7B-91B7-7D2D2434CA79}.Debug|Any CPU.Deploy.0 = Debug|Any CPU
		{E8AF0FD7-E4E7-4B7B-91B7-7D2D2434CA79}.Debug|ARM.ActiveCfg = Debug|Any CPU
		{E8AF0FD7-E4E7-4B7B-91B7-7D2D2434CA79}.Debug|ARM.Build.0 = Debug|Any CPU
		{E8AF0FD7-E4E7-4B7B-91B7-7D2D2434CA79}.Debug|ARM.Deploy.0 = Debug|Any CPU
		{E8AF0FD7-E4E7-4B7B-91B7-7D2D2434CA79}.Debug|iPhone.ActiveCfg = Debug|Any CPU
		{E8AF0FD7-E4E7-4B7B-91B7-7D2D2434CA79}.Debug|iPhone.Build.0 = Debug|Any CPU
		{E8AF0FD7-E4E7-4B7B-91B7-7D2D2434CA79}.Debug|iPhone.Deploy.0 = Debug|Any CPU
		{E8AF0FD7-E4E7-4B7B-91B7-7D2D2434CA79}.Debug|iPhoneSimulator.ActiveCfg = Debug|Any CPU
		{E8AF0FD7-E4E7-4B7B-91B7-7D2D2434CA79}.Debug|iPhoneSimulator.Build.0 = Debug|Any CPU
		{E8AF0FD7-E4E7-4B7B-91B7-7D2D2434CA79}.Debug|iPhoneSimulator.Deploy.0 = Debug|Any CPU
		{E8AF0FD7-E4E7-4B7B-91B7-7D2D2434CA79}.Debug|x64.ActiveCfg = Debug|Any CPU
		{E8AF0FD7-E4E7-4B7B-91B7-7D2D2434CA79}.Debug|x64.Build.0 = Debug|Any CPU
		{E8AF0FD7-E4E7-4B7B-91B7-7D2D2434CA79}.Debug|x64.Deploy.0 = Debug|Any CPU
		{E8AF0FD7-E4E7-4B7B-91B7-7D2D2434CA79}.Debug|x86.ActiveCfg = Debug|Any CPU
		{E8AF0FD7-E4E7-4B7B-91B7-7D2D2434CA79}.Debug|x86.Build.0 = Debug|Any CPU
		{E8AF0FD7-E4E7-4B7B-91B7-7D2D2434CA79}.Debug|x86.Deploy.0 = Debug|Any CPU
		{E8AF0FD7-E4E7-4B7B-91B7-7D2D2434CA79}.Release|Any CPU.ActiveCfg = Release|Any CPU
		{E8AF0FD7-E4E7-4B7B-91B7-7D2D2434CA79}.Release|Any CPU.Build.0 = Release|Any CPU
		{E8AF0FD7-E4E7-4B7B-91B7-7D2D2434CA79}.Release|Any CPU.Deploy.0 = Release|Any CPU
		{E8AF0FD7-E4E7-4B7B-91B7-7D2D2434CA79}.Release|ARM.ActiveCfg = Release|Any CPU
		{E8AF0FD7-E4E7-4B7B-91B7-7D2D2434CA79}.Release|ARM.Build.0 = Release|Any CPU
		{E8AF0FD7-E4E7-4B7B-91B7-7D2D2434CA79}.Release|ARM.Deploy.0 = Release|Any CPU
		{E8AF0FD7-E4E7-4B7B-91B7-7D2D2434CA79}.Release|iPhone.ActiveCfg = Release|Any CPU
		{E8AF0FD7-E4E7-4B7B-91B7-7D2D2434CA79}.Release|iPhone.Build.0 = Release|Any CPU
		{E8AF0FD7-E4E7-4B7B-91B7-7D2D2434CA79}.Release|iPhone.Deploy.0 = Release|Any CPU
		{E8AF0FD7-E4E7-4B7B-91B7-7D2D2434CA79}.Release|iPhoneSimulator.ActiveCfg = Release|Any CPU
		{E8AF0FD7-E4E7-4B7B-91B7-7D2D2434CA79}.Release|iPhoneSimulator.Build.0 = Release|Any CPU
		{E8AF0FD7-E4E7-4B7B-91B7-7D2D2434CA79}.Release|iPhoneSimulator.Deploy.0 = Release|Any CPU
		{E8AF0FD7-E4E7-4B7B-91B7-7D2D2434CA79}.Release|x64.ActiveCfg = Release|Any CPU
		{E8AF0FD7-E4E7-4B7B-91B7-7D2D2434CA79}.Release|x64.Build.0 = Release|Any CPU
		{E8AF0FD7-E4E7-4B7B-91B7-7D2D2434CA79}.Release|x64.Deploy.0 = Release|Any CPU
		{E8AF0FD7-E4E7-4B7B-91B7-7D2D2434CA79}.Release|x86.ActiveCfg = Release|Any CPU
		{E8AF0FD7-E4E7-4B7B-91B7-7D2D2434CA79}.Release|x86.Build.0 = Release|Any CPU
		{E8AF0FD7-E4E7-4B7B-91B7-7D2D2434CA79}.Release|x86.Deploy.0 = Release|Any CPU
		{06111D5B-F571-42EF-82D7-C3B284783EDD}.Ad-Hoc|Any CPU.ActiveCfg = Release|Any CPU
		{06111D5B-F571-42EF-82D7-C3B284783EDD}.Ad-Hoc|Any CPU.Build.0 = Release|Any CPU
		{06111D5B-F571-42EF-82D7-C3B284783EDD}.Ad-Hoc|ARM.ActiveCfg = Release|Any CPU
		{06111D5B-F571-42EF-82D7-C3B284783EDD}.Ad-Hoc|ARM.Build.0 = Release|Any CPU
		{06111D5B-F571-42EF-82D7-C3B284783EDD}.Ad-Hoc|iPhone.ActiveCfg = Release|Any CPU
		{06111D5B-F571-42EF-82D7-C3B284783EDD}.Ad-Hoc|iPhone.Build.0 = Release|Any CPU
		{06111D5B-F571-42EF-82D7-C3B284783EDD}.Ad-Hoc|iPhoneSimulator.ActiveCfg = Release|Any CPU
		{06111D5B-F571-42EF-82D7-C3B284783EDD}.Ad-Hoc|iPhoneSimulator.Build.0 = Release|Any CPU
		{06111D5B-F571-42EF-82D7-C3B284783EDD}.Ad-Hoc|x64.ActiveCfg = Release|Any CPU
		{06111D5B-F571-42EF-82D7-C3B284783EDD}.Ad-Hoc|x64.Build.0 = Release|Any CPU
		{06111D5B-F571-42EF-82D7-C3B284783EDD}.Ad-Hoc|x86.ActiveCfg = Release|Any CPU
		{06111D5B-F571-42EF-82D7-C3B284783EDD}.Ad-Hoc|x86.Build.0 = Release|Any CPU
		{06111D5B-F571-42EF-82D7-C3B284783EDD}.AppStore|Any CPU.ActiveCfg = Release|Any CPU
		{06111D5B-F571-42EF-82D7-C3B284783EDD}.AppStore|Any CPU.Build.0 = Release|Any CPU
		{06111D5B-F571-42EF-82D7-C3B284783EDD}.AppStore|ARM.ActiveCfg = Release|Any CPU
		{06111D5B-F571-42EF-82D7-C3B284783EDD}.AppStore|ARM.Build.0 = Release|Any CPU
		{06111D5B-F571-42EF-82D7-C3B284783EDD}.AppStore|iPhone.ActiveCfg = Release|Any CPU
		{06111D5B-F571-42EF-82D7-C3B284783EDD}.AppStore|iPhone.Build.0 = Release|Any CPU
		{06111D5B-F571-42EF-82D7-C3B284783EDD}.AppStore|iPhoneSimulator.ActiveCfg = Release|Any CPU
		{06111D5B-F571-42EF-82D7-C3B284783EDD}.AppStore|iPhoneSimulator.Build.0 = Release|Any CPU
		{06111D5B-F571-42EF-82D7-C3B284783EDD}.AppStore|x64.ActiveCfg = Release|Any CPU
		{06111D5B-F571-42EF-82D7-C3B284783EDD}.AppStore|x64.Build.0 = Release|Any CPU
		{06111D5B-F571-42EF-82D7-C3B284783EDD}.AppStore|x86.ActiveCfg = Release|Any CPU
		{06111D5B-F571-42EF-82D7-C3B284783EDD}.AppStore|x86.Build.0 = Release|Any CPU
		{06111D5B-F571-42EF-82D7-C3B284783EDD}.Debug|Any CPU.ActiveCfg = Debug|Any CPU
		{06111D5B-F571-42EF-82D7-C3B284783EDD}.Debug|Any CPU.Build.0 = Debug|Any CPU
		{06111D5B-F571-42EF-82D7-C3B284783EDD}.Debug|ARM.ActiveCfg = Debug|Any CPU
		{06111D5B-F571-42EF-82D7-C3B284783EDD}.Debug|ARM.Build.0 = Debug|Any CPU
		{06111D5B-F571-42EF-82D7-C3B284783EDD}.Debug|iPhone.ActiveCfg = Debug|Any CPU
		{06111D5B-F571-42EF-82D7-C3B284783EDD}.Debug|iPhone.Build.0 = Debug|Any CPU
		{06111D5B-F571-42EF-82D7-C3B284783EDD}.Debug|iPhoneSimulator.ActiveCfg = Debug|Any CPU
		{06111D5B-F571-42EF-82D7-C3B284783EDD}.Debug|iPhoneSimulator.Build.0 = Debug|Any CPU
		{06111D5B-F571-42EF-82D7-C3B284783EDD}.Debug|x64.ActiveCfg = Debug|Any CPU
		{06111D5B-F571-42EF-82D7-C3B284783EDD}.Debug|x64.Build.0 = Debug|Any CPU
		{06111D5B-F571-42EF-82D7-C3B284783EDD}.Debug|x86.ActiveCfg = Debug|Any CPU
		{06111D5B-F571-42EF-82D7-C3B284783EDD}.Debug|x86.Build.0 = Debug|Any CPU
		{06111D5B-F571-42EF-82D7-C3B284783EDD}.Release|Any CPU.ActiveCfg = Release|Any CPU
		{06111D5B-F571-42EF-82D7-C3B284783EDD}.Release|Any CPU.Build.0 = Release|Any CPU
		{06111D5B-F571-42EF-82D7-C3B284783EDD}.Release|ARM.ActiveCfg = Release|Any CPU
		{06111D5B-F571-42EF-82D7-C3B284783EDD}.Release|ARM.Build.0 = Release|Any CPU
		{06111D5B-F571-42EF-82D7-C3B284783EDD}.Release|iPhone.ActiveCfg = Release|Any CPU
		{06111D5B-F571-42EF-82D7-C3B284783EDD}.Release|iPhone.Build.0 = Release|Any CPU
		{06111D5B-F571-42EF-82D7-C3B284783EDD}.Release|iPhoneSimulator.ActiveCfg = Release|Any CPU
		{06111D5B-F571-42EF-82D7-C3B284783EDD}.Release|iPhoneSimulator.Build.0 = Release|Any CPU
		{06111D5B-F571-42EF-82D7-C3B284783EDD}.Release|x64.ActiveCfg = Release|Any CPU
		{06111D5B-F571-42EF-82D7-C3B284783EDD}.Release|x64.Build.0 = Release|Any CPU
		{06111D5B-F571-42EF-82D7-C3B284783EDD}.Release|x86.ActiveCfg = Release|Any CPU
		{06111D5B-F571-42EF-82D7-C3B284783EDD}.Release|x86.Build.0 = Release|Any CPU
		{FE18BA04-C77D-46CF-ADCF-F9EC3130AAFA}.Ad-Hoc|Any CPU.ActiveCfg = Release|x86
		{FE18BA04-C77D-46CF-ADCF-F9EC3130AAFA}.Ad-Hoc|Any CPU.Build.0 = Release|x86
		{FE18BA04-C77D-46CF-ADCF-F9EC3130AAFA}.Ad-Hoc|Any CPU.Deploy.0 = Release|x86
		{FE18BA04-C77D-46CF-ADCF-F9EC3130AAFA}.Ad-Hoc|ARM.ActiveCfg = Release|ARM
		{FE18BA04-C77D-46CF-ADCF-F9EC3130AAFA}.Ad-Hoc|ARM.Build.0 = Release|ARM
		{FE18BA04-C77D-46CF-ADCF-F9EC3130AAFA}.Ad-Hoc|ARM.Deploy.0 = Release|ARM
		{FE18BA04-C77D-46CF-ADCF-F9EC3130AAFA}.Ad-Hoc|iPhone.ActiveCfg = Release|x86
		{FE18BA04-C77D-46CF-ADCF-F9EC3130AAFA}.Ad-Hoc|iPhone.Build.0 = Release|x86
		{FE18BA04-C77D-46CF-ADCF-F9EC3130AAFA}.Ad-Hoc|iPhone.Deploy.0 = Release|x86
		{FE18BA04-C77D-46CF-ADCF-F9EC3130AAFA}.Ad-Hoc|iPhoneSimulator.ActiveCfg = Release|x86
		{FE18BA04-C77D-46CF-ADCF-F9EC3130AAFA}.Ad-Hoc|iPhoneSimulator.Build.0 = Release|x86
		{FE18BA04-C77D-46CF-ADCF-F9EC3130AAFA}.Ad-Hoc|iPhoneSimulator.Deploy.0 = Release|x86
		{FE18BA04-C77D-46CF-ADCF-F9EC3130AAFA}.Ad-Hoc|x64.ActiveCfg = Release|x64
		{FE18BA04-C77D-46CF-ADCF-F9EC3130AAFA}.Ad-Hoc|x64.Build.0 = Release|x64
		{FE18BA04-C77D-46CF-ADCF-F9EC3130AAFA}.Ad-Hoc|x64.Deploy.0 = Release|x64
		{FE18BA04-C77D-46CF-ADCF-F9EC3130AAFA}.Ad-Hoc|x86.ActiveCfg = Release|x86
		{FE18BA04-C77D-46CF-ADCF-F9EC3130AAFA}.Ad-Hoc|x86.Build.0 = Release|x86
		{FE18BA04-C77D-46CF-ADCF-F9EC3130AAFA}.Ad-Hoc|x86.Deploy.0 = Release|x86
		{FE18BA04-C77D-46CF-ADCF-F9EC3130AAFA}.AppStore|Any CPU.ActiveCfg = Release|x86
		{FE18BA04-C77D-46CF-ADCF-F9EC3130AAFA}.AppStore|Any CPU.Build.0 = Release|x86
		{FE18BA04-C77D-46CF-ADCF-F9EC3130AAFA}.AppStore|Any CPU.Deploy.0 = Release|x86
		{FE18BA04-C77D-46CF-ADCF-F9EC3130AAFA}.AppStore|ARM.ActiveCfg = Release|ARM
		{FE18BA04-C77D-46CF-ADCF-F9EC3130AAFA}.AppStore|ARM.Build.0 = Release|ARM
		{FE18BA04-C77D-46CF-ADCF-F9EC3130AAFA}.AppStore|ARM.Deploy.0 = Release|ARM
		{FE18BA04-C77D-46CF-ADCF-F9EC3130AAFA}.AppStore|iPhone.ActiveCfg = Release|x86
		{FE18BA04-C77D-46CF-ADCF-F9EC3130AAFA}.AppStore|iPhone.Build.0 = Release|x86
		{FE18BA04-C77D-46CF-ADCF-F9EC3130AAFA}.AppStore|iPhone.Deploy.0 = Release|x86
		{FE18BA04-C77D-46CF-ADCF-F9EC3130AAFA}.AppStore|iPhoneSimulator.ActiveCfg = Release|x86
		{FE18BA04-C77D-46CF-ADCF-F9EC3130AAFA}.AppStore|iPhoneSimulator.Build.0 = Release|x86
		{FE18BA04-C77D-46CF-ADCF-F9EC3130AAFA}.AppStore|iPhoneSimulator.Deploy.0 = Release|x86
		{FE18BA04-C77D-46CF-ADCF-F9EC3130AAFA}.AppStore|x64.ActiveCfg = Release|x64
		{FE18BA04-C77D-46CF-ADCF-F9EC3130AAFA}.AppStore|x64.Build.0 = Release|x64
		{FE18BA04-C77D-46CF-ADCF-F9EC3130AAFA}.AppStore|x64.Deploy.0 = Release|x64
		{FE18BA04-C77D-46CF-ADCF-F9EC3130AAFA}.AppStore|x86.ActiveCfg = Release|x86
		{FE18BA04-C77D-46CF-ADCF-F9EC3130AAFA}.AppStore|x86.Build.0 = Release|x86
		{FE18BA04-C77D-46CF-ADCF-F9EC3130AAFA}.AppStore|x86.Deploy.0 = Release|x86
		{FE18BA04-C77D-46CF-ADCF-F9EC3130AAFA}.Debug|Any CPU.ActiveCfg = Debug|x86
		{FE18BA04-C77D-46CF-ADCF-F9EC3130AAFA}.Debug|ARM.ActiveCfg = Debug|ARM
		{FE18BA04-C77D-46CF-ADCF-F9EC3130AAFA}.Debug|ARM.Build.0 = Debug|ARM
		{FE18BA04-C77D-46CF-ADCF-F9EC3130AAFA}.Debug|ARM.Deploy.0 = Debug|ARM
		{FE18BA04-C77D-46CF-ADCF-F9EC3130AAFA}.Debug|iPhone.ActiveCfg = Debug|x86
		{FE18BA04-C77D-46CF-ADCF-F9EC3130AAFA}.Debug|iPhoneSimulator.ActiveCfg = Debug|x86
		{FE18BA04-C77D-46CF-ADCF-F9EC3130AAFA}.Debug|x64.ActiveCfg = Debug|x64
		{FE18BA04-C77D-46CF-ADCF-F9EC3130AAFA}.Debug|x64.Build.0 = Debug|x64
		{FE18BA04-C77D-46CF-ADCF-F9EC3130AAFA}.Debug|x64.Deploy.0 = Debug|x64
		{FE18BA04-C77D-46CF-ADCF-F9EC3130AAFA}.Debug|x86.ActiveCfg = Debug|x86
		{FE18BA04-C77D-46CF-ADCF-F9EC3130AAFA}.Debug|x86.Build.0 = Debug|x86
		{FE18BA04-C77D-46CF-ADCF-F9EC3130AAFA}.Debug|x86.Deploy.0 = Debug|x86
		{FE18BA04-C77D-46CF-ADCF-F9EC3130AAFA}.Release|Any CPU.ActiveCfg = Release|x86
		{FE18BA04-C77D-46CF-ADCF-F9EC3130AAFA}.Release|ARM.ActiveCfg = Release|ARM
		{FE18BA04-C77D-46CF-ADCF-F9EC3130AAFA}.Release|ARM.Build.0 = Release|ARM
		{FE18BA04-C77D-46CF-ADCF-F9EC3130AAFA}.Release|ARM.Deploy.0 = Release|ARM
		{FE18BA04-C77D-46CF-ADCF-F9EC3130AAFA}.Release|iPhone.ActiveCfg = Release|x86
		{FE18BA04-C77D-46CF-ADCF-F9EC3130AAFA}.Release|iPhoneSimulator.ActiveCfg = Release|x86
		{FE18BA04-C77D-46CF-ADCF-F9EC3130AAFA}.Release|x64.ActiveCfg = Release|x64
		{FE18BA04-C77D-46CF-ADCF-F9EC3130AAFA}.Release|x64.Build.0 = Release|x64
		{FE18BA04-C77D-46CF-ADCF-F9EC3130AAFA}.Release|x64.Deploy.0 = Release|x64
		{FE18BA04-C77D-46CF-ADCF-F9EC3130AAFA}.Release|x86.ActiveCfg = Release|x86
		{FE18BA04-C77D-46CF-ADCF-F9EC3130AAFA}.Release|x86.Build.0 = Release|x86
		{FE18BA04-C77D-46CF-ADCF-F9EC3130AAFA}.Release|x86.Deploy.0 = Release|x86
		{964BECA2-C05E-4452-A428-CE23F33B5A7F}.Ad-Hoc|Any CPU.ActiveCfg = Ad-Hoc|iPhone
		{964BECA2-C05E-4452-A428-CE23F33B5A7F}.Ad-Hoc|ARM.ActiveCfg = Ad-Hoc|iPhone
		{964BECA2-C05E-4452-A428-CE23F33B5A7F}.Ad-Hoc|iPhone.ActiveCfg = Ad-Hoc|iPhone
		{964BECA2-C05E-4452-A428-CE23F33B5A7F}.Ad-Hoc|iPhone.Build.0 = Ad-Hoc|iPhone
		{964BECA2-C05E-4452-A428-CE23F33B5A7F}.Ad-Hoc|iPhoneSimulator.ActiveCfg = Ad-Hoc|iPhoneSimulator
		{964BECA2-C05E-4452-A428-CE23F33B5A7F}.Ad-Hoc|iPhoneSimulator.Build.0 = Ad-Hoc|iPhoneSimulator
		{964BECA2-C05E-4452-A428-CE23F33B5A7F}.Ad-Hoc|x64.ActiveCfg = Ad-Hoc|iPhone
		{964BECA2-C05E-4452-A428-CE23F33B5A7F}.Ad-Hoc|x86.ActiveCfg = Ad-Hoc|iPhone
		{964BECA2-C05E-4452-A428-CE23F33B5A7F}.AppStore|Any CPU.ActiveCfg = AppStore|iPhone
		{964BECA2-C05E-4452-A428-CE23F33B5A7F}.AppStore|ARM.ActiveCfg = AppStore|iPhone
		{964BECA2-C05E-4452-A428-CE23F33B5A7F}.AppStore|iPhone.ActiveCfg = AppStore|iPhone
		{964BECA2-C05E-4452-A428-CE23F33B5A7F}.AppStore|iPhone.Build.0 = AppStore|iPhone
		{964BECA2-C05E-4452-A428-CE23F33B5A7F}.AppStore|iPhoneSimulator.ActiveCfg = AppStore|iPhoneSimulator
		{964BECA2-C05E-4452-A428-CE23F33B5A7F}.AppStore|iPhoneSimulator.Build.0 = AppStore|iPhoneSimulator
		{964BECA2-C05E-4452-A428-CE23F33B5A7F}.AppStore|x64.ActiveCfg = AppStore|iPhone
		{964BECA2-C05E-4452-A428-CE23F33B5A7F}.AppStore|x86.ActiveCfg = AppStore|iPhone
		{964BECA2-C05E-4452-A428-CE23F33B5A7F}.Debug|Any CPU.ActiveCfg = Debug|iPhone
		{964BECA2-C05E-4452-A428-CE23F33B5A7F}.Debug|ARM.ActiveCfg = Debug|iPhone
		{964BECA2-C05E-4452-A428-CE23F33B5A7F}.Debug|iPhone.ActiveCfg = Debug|iPhone
		{964BECA2-C05E-4452-A428-CE23F33B5A7F}.Debug|iPhone.Build.0 = Debug|iPhone
		{964BECA2-C05E-4452-A428-CE23F33B5A7F}.Debug|iPhoneSimulator.ActiveCfg = Debug|iPhoneSimulator
		{964BECA2-C05E-4452-A428-CE23F33B5A7F}.Debug|iPhoneSimulator.Build.0 = Debug|iPhoneSimulator
		{964BECA2-C05E-4452-A428-CE23F33B5A7F}.Debug|x64.ActiveCfg = Debug|iPhone
		{964BECA2-C05E-4452-A428-CE23F33B5A7F}.Debug|x86.ActiveCfg = Debug|iPhone
		{964BECA2-C05E-4452-A428-CE23F33B5A7F}.Release|Any CPU.ActiveCfg = Release|iPhone
		{964BECA2-C05E-4452-A428-CE23F33B5A7F}.Release|ARM.ActiveCfg = Release|iPhone
		{964BECA2-C05E-4452-A428-CE23F33B5A7F}.Release|iPhone.ActiveCfg = Release|iPhone
		{964BECA2-C05E-4452-A428-CE23F33B5A7F}.Release|iPhone.Build.0 = Release|iPhone
		{964BECA2-C05E-4452-A428-CE23F33B5A7F}.Release|iPhoneSimulator.ActiveCfg = Release|iPhoneSimulator
		{964BECA2-C05E-4452-A428-CE23F33B5A7F}.Release|iPhoneSimulator.Build.0 = Release|iPhoneSimulator
		{964BECA2-C05E-4452-A428-CE23F33B5A7F}.Release|x64.ActiveCfg = Release|iPhone
		{964BECA2-C05E-4452-A428-CE23F33B5A7F}.Release|x86.ActiveCfg = Release|iPhone
	EndGlobalSection
	GlobalSection(SolutionProperties) = preSolution
		HideSolutionNode = FALSE
	EndGlobalSection
	GlobalSection(NestedProjects) = preSolution
		{005DCAB6-6D93-49EB-ACD1-6B81FD075B5B} = {4F2A18EE-10EC-4DD8-9762-685A419C6C6F}
		{20355DB6-286C-4FCE-BB2E-ADE281596420} = {4F2A18EE-10EC-4DD8-9762-685A419C6C6F}
		{43D72E8A-C6B0-49CA-A3CB-BE274A242ECB} = {4F2A18EE-10EC-4DD8-9762-685A419C6C6F}
		{E8AF0FD7-E4E7-4B7B-91B7-7D2D2434CA79} = {6FA58944-03B7-443A-B7E7-8A59B3DD207A}
		{06111D5B-F571-42EF-82D7-C3B284783EDD} = {6FA58944-03B7-443A-B7E7-8A59B3DD207A}
		{FE18BA04-C77D-46CF-ADCF-F9EC3130AAFA} = {6FA58944-03B7-443A-B7E7-8A59B3DD207A}
		{964BECA2-C05E-4452-A428-CE23F33B5A7F} = {6FA58944-03B7-443A-B7E7-8A59B3DD207A}
	EndGlobalSection
EndGlobal
